
Microsoft Visual Studio Solution File, Format Version 12.00
# Visual Studio Version 16
VisualStudioVersion = 16.0.33214.272
MinimumVisualStudioVersion = 10.0.40219.1
Project("{FAE04EC0-301F-11D3-BF4B-00C04F79EFBC}") = "Sf376_Mission6", "Sf376_Mission6\Sf376_Mission6.csproj", "{D5C80D3A-4794-426F-9F0D-6C0CB8A70814}"
EndProject
Global
	GlobalSection(SolutionConfigurationPlatforms) = preSolution
		Debug|Any CPU = Debug|Any CPU
		Release|Any CPU = Release|Any CPU
	EndGlobalSection
	GlobalSection(ProjectConfigurationPlatforms) = postSolution
		{D5C80D3A-4794-426F-9F0D-6C0CB8A70814}.Debug|Any CPU.ActiveCfg = Debug|Any CPU
		{D5C80D3A-4794-426F-9F0D-6C0CB8A70814}.Debug|Any CPU.Build.0 = Debug|Any CPU
		{D5C80D3A-4794-426F-9F0D-6C0CB8A70814}.Release|Any CPU.ActiveCfg = Release|Any CPU
		{D5C80D3A-4794-426F-9F0D-6C0CB8A70814}.Release|Any CPU.Build.0 = Release|Any CPU
	EndGlobalSection
	GlobalSection(SolutionProperties) = preSolution
		HideSolutionNode = FALSE
	EndGlobalSection
	GlobalSection(ExtensibilityGlobals) = postSolution
		SolutionGuid = {118F896A-3970-4AE7-86D0-E23926D99259}
	EndGlobalSection
EndGlobal
